
Microsoft Visual Studio Solution File, Format Version 12.00
# Visual Studio 15
VisualStudioVersion = 15.0.28306.52
MinimumVisualStudioVersion = 10.0.40219.1
Project("{8BC9CEB8-8B4A-11D0-8D11-00A0C91BC942}") = "FM_CPPHW1", "FM_CPPHW1\FM_CPPHW1.vcxproj", "{1AB3E4ED-36D4-44FA-A389-006CAEFF258E}"
EndProject
Project("{8BC9CEB8-8B4A-11D0-8D11-00A0C91BC942}") = "FM_CPP_Algos", "FM_CPP_Algos\FM_CPP_Algos.vcxproj", "{A6F0A9BF-E8A0-42BA-AF7E-623EE89E7460}"
EndProject
Project("{8BC9CEB8-8B4A-11D0-8D11-00A0C91BC942}") = "Midterm_Q1", "Midterm_Q1\Midterm_Q1.vcxproj", "{FD1563E7-2D77-42B3-A10E-9AB12CDC33EA}"
EndProject
Project("{8BC9CEB8-8B4A-11D0-8D11-00A0C91BC942}") = "Midterm_Q2", "Midterm_Q2\Midterm_Q2.vcxproj", "{EE3AB0D2-A914-4F9F-8B5F-2C5920B7988A}"
EndProject
Project("{8BC9CEB8-8B4A-11D0-8D11-00A0C91BC942}") = "FM_CPPHW3", "FM_CPPHW3\FM_CPPHW3.vcxproj", "{78B3AA61-D0AE-465E-9D48-019D663CE71E}"
EndProject
Project("{8BC9CEB8-8B4A-11D0-8D11-00A0C91BC942}") = "FM_CPPHW2", "FM_CPPHW2\FM_CPPHW2.vcxproj", "{5E875F1B-6386-4547-B56C-CA00A1FD5C1E}"
EndProject
Project("{8BC9CEB8-8B4A-11D0-8D11-00A0C91BC942}") = "FM_CPPHW4", "FM_CPPHW4\FM_CPPHW4.vcxproj", "{ED67B689-5F5E-4BB4-8232-0928CAE789A1}"
EndProject
Project("{8BC9CEB8-8B4A-11D0-8D11-00A0C91BC942}") = "FM_CPPHW5", "FM_CPPHW5\FM_CPPHW5.vcxproj", "{9F5DC8EF-9AA0-472E-B8CF-DBECA3E0FAF1}"
EndProject
Global
	GlobalSection(SolutionConfigurationPlatforms) = preSolution
		Debug|x64 = Debug|x64
		Debug|x86 = Debug|x86
		Release|x64 = Release|x64
		Release|x86 = Release|x86
	EndGlobalSection
	GlobalSection(ProjectConfigurationPlatforms) = postSolution
		{1AB3E4ED-36D4-44FA-A389-006CAEFF258E}.Debug|x64.ActiveCfg = Debug|x64
		{1AB3E4ED-36D4-44FA-A389-006CAEFF258E}.Debug|x64.Build.0 = Debug|x64
		{1AB3E4ED-36D4-44FA-A389-006CAEFF258E}.Debug|x86.ActiveCfg = Debug|Win32
		{1AB3E4ED-36D4-44FA-A389-006CAEFF258E}.Debug|x86.Build.0 = Debug|Win32
		{1AB3E4ED-36D4-44FA-A389-006CAEFF258E}.Release|x64.ActiveCfg = Release|x64
		{1AB3E4ED-36D4-44FA-A389-006CAEFF258E}.Release|x64.Build.0 = Release|x64
		{1AB3E4ED-36D4-44FA-A389-006CAEFF258E}.Release|x86.ActiveCfg = Release|Win32
		{1AB3E4ED-36D4-44FA-A389-006CAEFF258E}.Release|x86.Build.0 = Release|Win32
		{A6F0A9BF-E8A0-42BA-AF7E-623EE89E7460}.Debug|x64.ActiveCfg = Debug|x64
		{A6F0A9BF-E8A0-42BA-AF7E-623EE89E7460}.Debug|x64.Build.0 = Debug|x64
		{A6F0A9BF-E8A0-42BA-AF7E-623EE89E7460}.Debug|x86.ActiveCfg = Debug|Win32
		{A6F0A9BF-E8A0-42BA-AF7E-623EE89E7460}.Debug|x86.Build.0 = Debug|Win32
		{A6F0A9BF-E8A0-42BA-AF7E-623EE89E7460}.Release|x64.ActiveCfg = Release|x64
		{A6F0A9BF-E8A0-42BA-AF7E-623EE89E7460}.Release|x64.Build.0 = Release|x64
		{A6F0A9BF-E8A0-42BA-AF7E-623EE89E7460}.Release|x86.ActiveCfg = Release|Win32
		{A6F0A9BF-E8A0-42BA-AF7E-623EE89E7460}.Release|x86.Build.0 = Release|Win32
		{FD1563E7-2D77-42B3-A10E-9AB12CDC33EA}.Debug|x64.ActiveCfg = Debug|x64
		{FD1563E7-2D77-42B3-A10E-9AB12CDC33EA}.Debug|x64.Build.0 = Debug|x64
		{FD1563E7-2D77-42B3-A10E-9AB12CDC33EA}.Debug|x86.ActiveCfg = Debug|Win32
		{FD1563E7-2D77-42B3-A10E-9AB12CDC33EA}.Debug|x86.Build.0 = Debug|Win32
		{FD1563E7-2D77-42B3-A10E-9AB12CDC33EA}.Release|x64.ActiveCfg = Release|x64
		{FD1563E7-2D77-42B3-A10E-9AB12CDC33EA}.Release|x64.Build.0 = Release|x64
		{FD1563E7-2D77-42B3-A10E-9AB12CDC33EA}.Release|x86.ActiveCfg = Release|Win32
		{FD1563E7-2D77-42B3-A10E-9AB12CDC33EA}.Release|x86.Build.0 = Release|Win32
		{EE3AB0D2-A914-4F9F-8B5F-2C5920B7988A}.Debug|x64.ActiveCfg = Debug|x64
		{EE3AB0D2-A914-4F9F-8B5F-2C5920B7988A}.Debug|x64.Build.0 = Debug|x64
		{EE3AB0D2-A914-4F9F-8B5F-2C5920B7988A}.Debug|x86.ActiveCfg = Debug|Win32
		{EE3AB0D2-A914-4F9F-8B5F-2C5920B7988A}.Debug|x86.Build.0 = Debug|Win32
		{EE3AB0D2-A914-4F9F-8B5F-2C5920B7988A}.Release|x64.ActiveCfg = Release|x64
		{EE3AB0D2-A914-4F9F-8B5F-2C5920B7988A}.Release|x64.Build.0 = Release|x64
		{EE3AB0D2-A914-4F9F-8B5F-2C5920B7988A}.Release|x86.ActiveCfg = Release|Win32
		{EE3AB0D2-A914-4F9F-8B5F-2C5920B7988A}.Release|x86.Build.0 = Release|Win32
		{78B3AA61-D0AE-465E-9D48-019D663CE71E}.Debug|x64.ActiveCfg = Debug|x64
		{78B3AA61-D0AE-465E-9D48-019D663CE71E}.Debug|x64.Build.0 = Debug|x64
		{78B3AA61-D0AE-465E-9D48-019D663CE71E}.Debug|x86.ActiveCfg = Debug|Win32
		{78B3AA61-D0AE-465E-9D48-019D663CE71E}.Debug|x86.Build.0 = Debug|Win32
		{78B3AA61-D0AE-465E-9D48-019D663CE71E}.Release|x64.ActiveCfg = Release|x64
		{78B3AA61-D0AE-465E-9D48-019D663CE71E}.Release|x64.Build.0 = Release|x64
		{78B3AA61-D0AE-465E-9D48-019D663CE71E}.Release|x86.ActiveCfg = Release|Win32
		{78B3AA61-D0AE-465E-9D48-019D663CE71E}.Release|x86.Build.0 = Release|Win32
		{5E875F1B-6386-4547-B56C-CA00A1FD5C1E}.Debug|x64.ActiveCfg = Debug|x64
		{5E875F1B-6386-4547-B56C-CA00A1FD5C1E}.Debug|x64.Build.0 = Debug|x64
		{5E875F1B-6386-4547-B56C-CA00A1FD5C1E}.Debug|x86.ActiveCfg = Debug|Win32
		{5E875F1B-6386-4547-B56C-CA00A1FD5C1E}.Debug|x86.Build.0 = Debug|Win32
		{5E875F1B-6386-4547-B56C-CA00A1FD5C1E}.Release|x64.ActiveCfg = Release|x64
		{5E875F1B-6386-4547-B56C-CA00A1FD5C1E}.Release|x64.Build.0 = Release|x64
		{5E875F1B-6386-4547-B56C-CA00A1FD5C1E}.Release|x86.ActiveCfg = Release|Win32
		{5E875F1B-6386-4547-B56C-CA00A1FD5C1E}.Release|x86.Build.0 = Release|Win32
		{ED67B689-5F5E-4BB4-8232-0928CAE789A1}.Debug|x64.ActiveCfg = Debug|x64
		{ED67B689-5F5E-4BB4-8232-0928CAE789A1}.Debug|x64.Build.0 = Debug|x64
		{ED67B689-5F5E-4BB4-8232-0928CAE789A1}.Debug|x86.ActiveCfg = Debug|Win32
		{ED67B689-5F5E-4BB4-8232-0928CAE789A1}.Debug|x86.Build.0 = Debug|Win32
		{ED67B689-5F5E-4BB4-8232-0928CAE789A1}.Release|x64.ActiveCfg = Release|x64
		{ED67B689-5F5E-4BB4-8232-0928CAE789A1}.Release|x64.Build.0 = Release|x64
		{ED67B689-5F5E-4BB4-8232-0928CAE789A1}.Release|x86.ActiveCfg = Release|Win32
		{ED67B689-5F5E-4BB4-8232-0928CAE789A1}.Release|x86.Build.0 = Release|Win32
		{9F5DC8EF-9AA0-472E-B8CF-DBECA3E0FAF1}.Debug|x64.ActiveCfg = Debug|x64
		{9F5DC8EF-9AA0-472E-B8CF-DBECA3E0FAF1}.Debug|x64.Build.0 = Debug|x64
		{9F5DC8EF-9AA0-472E-B8CF-DBECA3E0FAF1}.Debug|x86.ActiveCfg = Debug|Win32
		{9F5DC8EF-9AA0-472E-B8CF-DBECA3E0FAF1}.Debug|x86.Build.0 = Debug|Win32
		{9F5DC8EF-9AA0-472E-B8CF-DBECA3E0FAF1}.Release|x64.ActiveCfg = Release|x64
		{9F5DC8EF-9AA0-472E-B8CF-DBECA3E0FAF1}.Release|x64.Build.0 = Release|x64
		{9F5DC8EF-9AA0-472E-B8CF-DBECA3E0FAF1}.Release|x86.ActiveCfg = Release|Win32
		{9F5DC8EF-9AA0-472E-B8CF-DBECA3E0FAF1}.Release|x86.Build.0 = Release|Win32
	EndGlobalSection
	GlobalSection(SolutionProperties) = preSolution
		HideSolutionNode = FALSE
	EndGlobalSection
	GlobalSection(ExtensibilityGlobals) = postSolution
		SolutionGuid = {564F485F-CEB5-4728-9478-0123FD269EF9}
	EndGlobalSection
EndGlobal
